
Microsoft Visual Studio Solution File, Format Version 12.00
# Visual Studio Version 17
VisualStudioVersion = 17.14.36429.23 d17.14
MinimumVisualStudioVersion = 10.0.40219.1
Project("{FAE04EC0-301F-11D3-BF4B-00C04F79EFBC}") = "Svc", "Svc\Svc.csproj", "{DDC80FFC-CD2A-4787-8A50-4CEFA8B367E7}"
EndProject
Project("{FAE04EC0-301F-11D3-BF4B-00C04F79EFBC}") = "SvcSetup", "SvcSetup\SvcSetup.csproj", "{56CDD36D-1F33-436B-9072-CAC53E9B5632}"
EndProject
Project("{FAE04EC0-301F-11D3-BF4B-00C04F79EFBC}") = "Svc.Core", "Svc.Core\Svc.Core.csproj", "{5975D023-E4D4-478E-A709-CB280C11EEE0}"
EndProject
Global
	GlobalSection(SolutionConfigurationPlatforms) = preSolution
		Debug|Any CPU = Debug|Any CPU
		Release|Any CPU = Release|Any CPU
	EndGlobalSection
	GlobalSection(ProjectConfigurationPlatforms) = postSolution
		{DDC80FFC-CD2A-4787-8A50-4CEFA8B367E7}.Debug|Any CPU.ActiveCfg = Debug|Any CPU
		{DDC80FFC-CD2A-4787-8A50-4CEFA8B367E7}.Debug|Any CPU.Build.0 = Debug|Any CPU
		{DDC80FFC-CD2A-4787-8A50-4CEFA8B367E7}.Release|Any CPU.ActiveCfg = Release|Any CPU
		{DDC80FFC-CD2A-4787-8A50-4CEFA8B367E7}.Release|Any CPU.Build.0 = Release|Any CPU
		{56CDD36D-1F33-436B-9072-CAC53E9B5632}.Debug|Any CPU.ActiveCfg = Debug|Any CPU
		{56CDD36D-1F33-436B-9072-CAC53E9B5632}.Debug|Any CPU.Build.0 = Debug|Any CPU
		{56CDD36D-1F33-436B-9072-CAC53E9B5632}.Release|Any CPU.ActiveCfg = Release|Any CPU
		{56CDD36D-1F33-436B-9072-CAC53E9B5632}.Release|Any CPU.Build.0 = Release|Any CPU
		{5975D023-E4D4-478E-A709-CB280C11EEE0}.Debug|Any CPU.ActiveCfg = Debug|Any CPU
		{5975D023-E4D4-478E-A709-CB280C11EEE0}.Debug|Any CPU.Build.0 = Debug|Any CPU
		{5975D023-E4D4-478E-A709-CB280C11EEE0}.Release|Any CPU.ActiveCfg = Release|Any CPU
		{5975D023-E4D4-478E-A709-CB280C11EEE0}.Release|Any CPU.Build.0 = Release|Any CPU
	EndGlobalSection
	GlobalSection(SolutionProperties) = preSolution
		HideSolutionNode = FALSE
	EndGlobalSection
	GlobalSection(ExtensibilityGlobals) = postSolution
		SolutionGuid = {CD90483D-3570-44B7-A3CB-02EC3A33453A}
	EndGlobalSection
EndGlobal
